
Microsoft Visual Studio Solution File, Format Version 12.00
# Visual Studio Version 17
VisualStudioVersion = 17.4.33205.214
MinimumVisualStudioVersion = 10.0.40219.1
Project("{9A19103F-16F7-4668-BE54-9A1E7A4F7556}") = "CarSystem", "CarSystem\CarSystem.csproj", "{5DFA5A93-84F3-4E9B-B6C0-BC4B2FB4FE1D}"
EndProject
Project("{FAE04EC0-301F-11D3-BF4B-00C04F79EFBC}") = "FootballBetting", "FootballBetting\FootballBetting.csproj", "{CBEAF589-4C34-4D1E-9F02-42435145F508}"
EndProject
Global
	GlobalSection(SolutionConfigurationPlatforms) = preSolution
		Debug|Any CPU = Debug|Any CPU
		Release|Any CPU = Release|Any CPU
	EndGlobalSection
	GlobalSection(ProjectConfigurationPlatforms) = postSolution
		{5DFA5A93-84F3-4E9B-B6C0-BC4B2FB4FE1D}.Debug|Any CPU.ActiveCfg = Debug|Any CPU
		{5DFA5A93-84F3-4E9B-B6C0-BC4B2FB4FE1D}.Debug|Any CPU.Build.0 = Debug|Any CPU
		{5DFA5A93-84F3-4E9B-B6C0-BC4B2FB4FE1D}.Release|Any CPU.ActiveCfg = Release|Any CPU
		{5DFA5A93-84F3-4E9B-B6C0-BC4B2FB4FE1D}.Release|Any CPU.Build.0 = Release|Any CPU
		{CBEAF589-4C34-4D1E-9F02-42435145F508}.Debug|Any CPU.ActiveCfg = Debug|Any CPU
		{CBEAF589-4C34-4D1E-9F02-42435145F508}.Debug|Any CPU.Build.0 = Debug|Any CPU
		{CBEAF589-4C34-4D1E-9F02-42435145F508}.Release|Any CPU.ActiveCfg = Release|Any CPU
		{CBEAF589-4C34-4D1E-9F02-42435145F508}.Release|Any CPU.Build.0 = Release|Any CPU
	EndGlobalSection
	GlobalSection(SolutionProperties) = preSolution
		HideSolutionNode = FALSE
	EndGlobalSection
	GlobalSection(ExtensibilityGlobals) = postSolution
		SolutionGuid = {8A4728B9-EEFD-4102-8D28-FCD24EB2CC43}
	EndGlobalSection
EndGlobal
