
Microsoft Visual Studio Solution File, Format Version 12.00
# Visual Studio Version 17
VisualStudioVersion = 17.4.33205.214
MinimumVisualStudioVersion = 10.0.40219.1
Project("{FAE04EC0-301F-11D3-BF4B-00C04F79EFBC}") = "PetStore", "PetStore\PetStore.csproj", "{49AC5FAC-148B-4F6A-998B-94603FBE74AC}"
EndProject
Project("{FAE04EC0-301F-11D3-BF4B-00C04F79EFBC}") = "PetStore.Models", "PetStore.Models\PetStore.Models.csproj", "{524F2012-2876-4191-85FB-0CF6239BF875}"
EndProject
Project("{FAE04EC0-301F-11D3-BF4B-00C04F79EFBC}") = "PetStore.Data", "PetStore.Data\PetStore.Data.csproj", "{9101EFAC-D9F4-4480-993B-2044B50CE2A5}"
EndProject
Project("{FAE04EC0-301F-11D3-BF4B-00C04F79EFBC}") = "PetStore.Sevices", "PetStore.Sevices\PetStore.Sevices.csproj", "{28EF00B6-91AD-4F01-8BF4-BFA2EC7C05A3}"
EndProject
Global
	GlobalSection(SolutionConfigurationPlatforms) = preSolution
		Debug|Any CPU = Debug|Any CPU
		Release|Any CPU = Release|Any CPU
	EndGlobalSection
	GlobalSection(ProjectConfigurationPlatforms) = postSolution
		{49AC5FAC-148B-4F6A-998B-94603FBE74AC}.Debug|Any CPU.ActiveCfg = Debug|Any CPU
		{49AC5FAC-148B-4F6A-998B-94603FBE74AC}.Debug|Any CPU.Build.0 = Debug|Any CPU
		{49AC5FAC-148B-4F6A-998B-94603FBE74AC}.Release|Any CPU.ActiveCfg = Release|Any CPU
		{49AC5FAC-148B-4F6A-998B-94603FBE74AC}.Release|Any CPU.Build.0 = Release|Any CPU
		{524F2012-2876-4191-85FB-0CF6239BF875}.Debug|Any CPU.ActiveCfg = Debug|Any CPU
		{524F2012-2876-4191-85FB-0CF6239BF875}.Debug|Any CPU.Build.0 = Debug|Any CPU
		{524F2012-2876-4191-85FB-0CF6239BF875}.Release|Any CPU.ActiveCfg = Release|Any CPU
		{524F2012-2876-4191-85FB-0CF6239BF875}.Release|Any CPU.Build.0 = Release|Any CPU
		{9101EFAC-D9F4-4480-993B-2044B50CE2A5}.Debug|Any CPU.ActiveCfg = Debug|Any CPU
		{9101EFAC-D9F4-4480-993B-2044B50CE2A5}.Debug|Any CPU.Build.0 = Debug|Any CPU
		{9101EFAC-D9F4-4480-993B-2044B50CE2A5}.Release|Any CPU.ActiveCfg = Release|Any CPU
		{9101EFAC-D9F4-4480-993B-2044B50CE2A5}.Release|Any CPU.Build.0 = Release|Any CPU
		{28EF00B6-91AD-4F01-8BF4-BFA2EC7C05A3}.Debug|Any CPU.ActiveCfg = Debug|Any CPU
		{28EF00B6-91AD-4F01-8BF4-BFA2EC7C05A3}.Debug|Any CPU.Build.0 = Debug|Any CPU
		{28EF00B6-91AD-4F01-8BF4-BFA2EC7C05A3}.Release|Any CPU.ActiveCfg = Release|Any CPU
		{28EF00B6-91AD-4F01-8BF4-BFA2EC7C05A3}.Release|Any CPU.Build.0 = Release|Any CPU
	EndGlobalSection
	GlobalSection(SolutionProperties) = preSolution
		HideSolutionNode = FALSE
	EndGlobalSection
	GlobalSection(ExtensibilityGlobals) = postSolution
		SolutionGuid = {711C2D1B-8A1F-483E-89BB-E7A6493A82F9}
	EndGlobalSection
EndGlobal
